{
  "version": 4,
  "terraform_version": "1.3.4",
  "serial": 16,
  "lineage": "a684f9c3-a152-b880-7597-6224bf2a6de7",
  "outputs": {},
  "resources": [
    {
      "mode": "data",
      "type": "archive_file",
      "name": "source_file_zip",
      "provider": "provider[\"registry.terraform.io/hashicorp/archive\"]",
      "instances": [
        {
          "schema_version": 0,
          "attributes": {
            "excludes": null,
            "id": "ef75e69090e5f86d2262f5518694e20c355ff411",
            "output_base64sha256": "9qNBm2aby5tpzs2uXOAN+INDtBY1h26hhMXaCdywtnM=",
            "output_file_mode": null,
            "output_md5": "416ad2d2aa9c4aace1eb837fae57e7ce",
            "output_path": "../../applications/test-function.zip",
            "output_sha": "ef75e69090e5f86d2262f5518694e20c355ff411",
            "output_size": 647,
            "source": [],
            "source_content": null,
            "source_content_filename": null,
            "source_dir": "../../applications/src",
            "source_file": null,
            "type": "zip"
          },
          "sensitive_attributes": []
        }
      ]
    },
    {
      "mode": "managed",
      "type": "google_cloudfunctions2_function",
      "name": "function",
      "provider": "provider[\"registry.terraform.io/hashicorp/google\"]",
      "instances": [
        {
          "schema_version": 0,
          "attributes": {
            "build_config": [
              {
                "build": "projects/789672052942/locations/asia-northeast1/builds/bcc1b365-a790-4d87-92e8-75fdfe886b3a",
                "docker_repository": "",
                "entry_point": "hello_http",
                "environment_variables": {},
                "runtime": "python310",
                "source": [
                  {
                    "repo_source": [],
                    "storage_source": [
                      {
                        "bucket": "test-function_functions_src",
                        "generation": 0,
                        "object": "dev/test-function_416ad2d2aa9c4aace1eb837fae57e7ce.zip"
                      }
                    ]
                  }
                ],
                "worker_pool": ""
              }
            ],
            "description": "deploy test-function",
            "environment": "GEN_2",
            "event_trigger": [],
            "id": "projects/github-actions-378014/locations/asia-northeast1/functions/test-function",
            "labels": {},
            "location": "asia-northeast1",
            "name": "test-function",
            "project": "github-actions-378014",
            "service_config": [
              {
                "all_traffic_on_latest_revision": true,
                "available_cpu": "0.1666",
                "available_memory": "256Mi",
                "environment_variables": {},
                "gcf_uri": "",
                "ingress_settings": "ALLOW_ALL",
                "max_instance_count": 10,
                "max_instance_request_concurrency": 1,
                "min_instance_count": 0,
                "secret_environment_variables": [],
                "secret_volumes": [],
                "service": "projects/github-actions-378014/locations/asia-northeast1/services/test-function",
                "service_account_email": "gcf-service-account@github-actions-378014.iam.gserviceaccount.com",
                "timeout_seconds": 300,
                "uri": "https://test-function-z53u4npqrq-an.a.run.app",
                "vpc_connector": "",
                "vpc_connector_egress_settings": ""
              }
            ],
            "state": "ACTIVE",
            "timeouts": null,
            "update_time": "2023-02-16T14:47:19.414385185Z"
          },
          "sensitive_attributes": [],
          "private": "eyJlMmJmYjczMC1lY2FhLTExZTYtOGY4OC0zNDM2M2JjN2M0YzAiOnsiY3JlYXRlIjozNjAwMDAwMDAwMDAwLCJkZWxldGUiOjM2MDAwMDAwMDAwMDAsInVwZGF0ZSI6MzYwMDAwMDAwMDAwMH19",
          "dependencies": [
            "data.archive_file.source_file_zip",
            "google_service_account.func_service_account",
            "google_storage_bucket.src_cloud_functions",
            "google_storage_bucket_object.source_object_zip"
          ]
        }
      ]
    },
    {
      "mode": "managed",
      "type": "google_service_account",
      "name": "func_service_account",
      "provider": "provider[\"registry.terraform.io/hashicorp/google\"]",
      "instances": [
        {
          "schema_version": 0,
          "attributes": {
            "account_id": "gcf-service-account",
            "description": "Cloud Functions が使用するサービスアカウント",
            "disabled": false,
            "display_name": "gcf-service-account",
            "email": "gcf-service-account@github-actions-378014.iam.gserviceaccount.com",
            "id": "projects/github-actions-378014/serviceAccounts/gcf-service-account@github-actions-378014.iam.gserviceaccount.com",
            "member": "serviceAccount:gcf-service-account@github-actions-378014.iam.gserviceaccount.com",
            "name": "projects/github-actions-378014/serviceAccounts/gcf-service-account@github-actions-378014.iam.gserviceaccount.com",
            "project": "github-actions-378014",
            "timeouts": null,
            "unique_id": "107008909250669637264"
          },
          "sensitive_attributes": [],
          "private": "eyJlMmJmYjczMC1lY2FhLTExZTYtOGY4OC0zNDM2M2JjN2M0YzAiOnsiY3JlYXRlIjozMDAwMDAwMDAwMDB9fQ=="
        }
      ]
    },
    {
      "mode": "managed",
      "type": "google_service_account",
      "name": "workload_identity_service_account",
      "provider": "provider[\"registry.terraform.io/hashicorp/google\"]",
      "instances": [
        {
          "schema_version": 0,
          "attributes": {
            "account_id": "workload-identity-sa",
            "description": "Workload Identity Federation が使用するサービスアカウント",
            "disabled": false,
            "display_name": "workload-identity-sa",
            "email": "workload-identity-sa@github-actions-378014.iam.gserviceaccount.com",
            "id": "projects/github-actions-378014/serviceAccounts/workload-identity-sa@github-actions-378014.iam.gserviceaccount.com",
            "member": "serviceAccount:workload-identity-sa@github-actions-378014.iam.gserviceaccount.com",
            "name": "projects/github-actions-378014/serviceAccounts/workload-identity-sa@github-actions-378014.iam.gserviceaccount.com",
            "project": "github-actions-378014",
            "timeouts": null,
            "unique_id": "111666574530399777429"
          },
          "sensitive_attributes": [],
          "private": "eyJlMmJmYjczMC1lY2FhLTExZTYtOGY4OC0zNDM2M2JjN2M0YzAiOnsiY3JlYXRlIjozMDAwMDAwMDAwMDB9fQ=="
        }
      ]
    },
    {
      "mode": "managed",
      "type": "google_storage_bucket",
      "name": "src_cloud_functions",
      "provider": "provider[\"registry.terraform.io/hashicorp/google\"]",
      "instances": [
        {
          "schema_version": 0,
          "attributes": {
            "autoclass": [],
            "cors": [],
            "custom_placement_config": [],
            "default_event_based_hold": false,
            "encryption": [],
            "force_destroy": false,
            "id": "test-function_functions_src",
            "labels": {},
            "lifecycle_rule": [],
            "location": "ASIA-NORTHEAST1",
            "logging": [],
            "name": "test-function_functions_src",
            "project": "github-actions-378014",
            "public_access_prevention": "inherited",
            "requester_pays": false,
            "retention_policy": [],
            "self_link": "https://www.googleapis.com/storage/v1/b/test-function_functions_src",
            "storage_class": "STANDARD",
            "timeouts": null,
            "uniform_bucket_level_access": false,
            "url": "gs://test-function_functions_src",
            "versioning": [],
            "website": []
          },
          "sensitive_attributes": [],
          "private": "eyJlMmJmYjczMC1lY2FhLTExZTYtOGY4OC0zNDM2M2JjN2M0YzAiOnsiY3JlYXRlIjoyNDAwMDAwMDAwMDAsInJlYWQiOjI0MDAwMDAwMDAwMCwidXBkYXRlIjoyNDAwMDAwMDAwMDB9fQ=="
        }
      ]
    },
    {
      "mode": "managed",
      "type": "google_storage_bucket_object",
      "name": "source_object_zip",
      "provider": "provider[\"registry.terraform.io/hashicorp/google\"]",
      "instances": [
        {
          "schema_version": 0,
          "attributes": {
            "bucket": "test-function_functions_src",
            "cache_control": "",
            "content": null,
            "content_disposition": "",
            "content_encoding": "",
            "content_language": "",
            "content_type": "application/zip",
            "crc32c": "AWDTrQ==",
            "customer_encryption": [],
            "detect_md5hash": "QWrS0qqcSqzh64N/rlfnzg==",
            "event_based_hold": false,
            "id": "test-function_functions_src-dev/test-function_416ad2d2aa9c4aace1eb837fae57e7ce.zip",
            "kms_key_name": "",
            "md5hash": "QWrS0qqcSqzh64N/rlfnzg==",
            "media_link": "https://storage.googleapis.com/download/storage/v1/b/test-function_functions_src/o/dev%2Ftest-function_416ad2d2aa9c4aace1eb837fae57e7ce.zip?generation=1676558298010022\u0026alt=media",
            "metadata": {},
            "name": "dev/test-function_416ad2d2aa9c4aace1eb837fae57e7ce.zip",
            "output_name": "dev/test-function_416ad2d2aa9c4aace1eb837fae57e7ce.zip",
            "self_link": "https://www.googleapis.com/storage/v1/b/test-function_functions_src/o/dev%2Ftest-function_416ad2d2aa9c4aace1eb837fae57e7ce.zip",
            "source": "../../applications/test-function.zip",
            "storage_class": "STANDARD",
            "temporary_hold": false,
            "timeouts": null
          },
          "sensitive_attributes": [],
          "private": "eyJlMmJmYjczMC1lY2FhLTExZTYtOGY4OC0zNDM2M2JjN2M0YzAiOnsiY3JlYXRlIjoyNDAwMDAwMDAwMDAsImRlbGV0ZSI6MjQwMDAwMDAwMDAwLCJ1cGRhdGUiOjI0MDAwMDAwMDAwMH19",
          "dependencies": [
            "data.archive_file.source_file_zip",
            "google_storage_bucket.src_cloud_functions"
          ]
        }
      ]
    },
    {
      "module": "module.gh_oidc",
      "mode": "managed",
      "type": "google_iam_workload_identity_pool",
      "name": "main",
      "provider": "provider[\"registry.terraform.io/hashicorp/google-beta\"]",
      "instances": [
        {
          "schema_version": 0,
          "attributes": {
            "description": "Workload Identity Pool managed by Terraform",
            "disabled": false,
            "display_name": "",
            "id": "projects/github-actions-378014/locations/global/workloadIdentityPools/github-actions-pool",
            "name": "projects/789672052942/locations/global/workloadIdentityPools/github-actions-pool",
            "project": "github-actions-378014",
            "state": "ACTIVE",
            "timeouts": null,
            "workload_identity_pool_id": "github-actions-pool"
          },
          "sensitive_attributes": [],
          "private": "eyJlMmJmYjczMC1lY2FhLTExZTYtOGY4OC0zNDM2M2JjN2M0YzAiOnsiY3JlYXRlIjoxMjAwMDAwMDAwMDAwLCJkZWxldGUiOjEyMDAwMDAwMDAwMDAsInVwZGF0ZSI6MTIwMDAwMDAwMDAwMH19"
        }
      ]
    },
    {
      "module": "module.gh_oidc",
      "mode": "managed",
      "type": "google_iam_workload_identity_pool_provider",
      "name": "main",
      "provider": "provider[\"registry.terraform.io/hashicorp/google-beta\"]",
      "instances": [
        {
          "schema_version": 0,
          "attributes": {
            "attribute_condition": "",
            "attribute_mapping": {
              "attribute.actor": "assertion.actor",
              "attribute.aud": "assertion.aud",
              "attribute.repository": "assertion.repository",
              "google.subject": "assertion.sub"
            },
            "aws": [],
            "description": "Workload Identity Pool Provider managed by Terraform",
            "disabled": false,
            "display_name": "",
            "id": "projects/github-actions-378014/locations/global/workloadIdentityPools/github-actions-pool/providers/github-actions-provider",
            "name": "projects/789672052942/locations/global/workloadIdentityPools/github-actions-pool/providers/github-actions-provider",
            "oidc": [
              {
                "allowed_audiences": [],
                "issuer_uri": "https://token.actions.githubusercontent.com"
              }
            ],
            "project": "github-actions-378014",
            "state": "ACTIVE",
            "timeouts": null,
            "workload_identity_pool_id": "github-actions-pool",
            "workload_identity_pool_provider_id": "github-actions-provider"
          },
          "sensitive_attributes": [],
          "private": "eyJlMmJmYjczMC1lY2FhLTExZTYtOGY4OC0zNDM2M2JjN2M0YzAiOnsiY3JlYXRlIjoxMjAwMDAwMDAwMDAwLCJkZWxldGUiOjEyMDAwMDAwMDAwMDAsInVwZGF0ZSI6MTIwMDAwMDAwMDAwMH19",
          "dependencies": [
            "module.gh_oidc.google_iam_workload_identity_pool.main"
          ]
        }
      ]
    },
    {
      "module": "module.gh_oidc",
      "mode": "managed",
      "type": "google_service_account_iam_member",
      "name": "wif-sa",
      "provider": "provider[\"registry.terraform.io/hashicorp/google\"]",
      "instances": []
    }
  ],
  "check_results": null
}
