{
  "version": 4,
  "terraform_version": "1.3.4",
  "serial": 10,
  "lineage": "a684f9c3-a152-b880-7597-6224bf2a6de7",
  "outputs": {},
  "resources": [
    {
      "mode": "data",
      "type": "archive_file",
      "name": "source_file_zip",
      "provider": "provider[\"registry.terraform.io/hashicorp/archive\"]",
      "instances": [
        {
          "schema_version": 0,
          "attributes": {
            "excludes": null,
            "id": "ef75e69090e5f86d2262f5518694e20c355ff411",
            "output_base64sha256": "9qNBm2aby5tpzs2uXOAN+INDtBY1h26hhMXaCdywtnM=",
            "output_file_mode": null,
            "output_md5": "416ad2d2aa9c4aace1eb837fae57e7ce",
            "output_path": "../../applications/test-function.zip",
            "output_sha": "ef75e69090e5f86d2262f5518694e20c355ff411",
            "output_size": 647,
            "source": [],
            "source_content": null,
            "source_content_filename": null,
            "source_dir": "../../applications/src",
            "source_file": null,
            "type": "zip"
          },
          "sensitive_attributes": []
        }
      ]
    },
    {
      "mode": "managed",
      "type": "google_service_account",
      "name": "func_service_account",
      "provider": "provider[\"registry.terraform.io/hashicorp/google\"]",
      "instances": [
        {
          "schema_version": 0,
          "attributes": {
            "account_id": "gcf-service-account",
            "description": "Cloud Functions が使用するサービスアカウント",
            "disabled": false,
            "display_name": "gcf-service-account",
            "email": "gcf-service-account@github-actions-378014.iam.gserviceaccount.com",
            "id": "projects/github-actions-378014/serviceAccounts/gcf-service-account@github-actions-378014.iam.gserviceaccount.com",
            "member": "serviceAccount:gcf-service-account@github-actions-378014.iam.gserviceaccount.com",
            "name": "projects/github-actions-378014/serviceAccounts/gcf-service-account@github-actions-378014.iam.gserviceaccount.com",
            "project": "github-actions-378014",
            "timeouts": null,
            "unique_id": "107008909250669637264"
          },
          "sensitive_attributes": [],
          "private": "eyJlMmJmYjczMC1lY2FhLTExZTYtOGY4OC0zNDM2M2JjN2M0YzAiOnsiY3JlYXRlIjozMDAwMDAwMDAwMDB9fQ=="
        }
      ]
    },
    {
      "mode": "managed",
      "type": "google_storage_bucket",
      "name": "src_cloud_functions",
      "provider": "provider[\"registry.terraform.io/hashicorp/google\"]",
      "instances": [
        {
          "schema_version": 0,
          "attributes": {
            "autoclass": [],
            "cors": [],
            "custom_placement_config": [],
            "default_event_based_hold": false,
            "encryption": [],
            "force_destroy": false,
            "id": "test-function_functions_src",
            "labels": {},
            "lifecycle_rule": [],
            "location": "ASIA-NORTHEAST1",
            "logging": [],
            "name": "test-function_functions_src",
            "project": "github-actions-378014",
            "public_access_prevention": "inherited",
            "requester_pays": false,
            "retention_policy": [],
            "self_link": "https://www.googleapis.com/storage/v1/b/test-function_functions_src",
            "storage_class": "STANDARD",
            "timeouts": null,
            "uniform_bucket_level_access": false,
            "url": "gs://test-function_functions_src",
            "versioning": [],
            "website": []
          },
          "sensitive_attributes": [],
          "private": "eyJlMmJmYjczMC1lY2FhLTExZTYtOGY4OC0zNDM2M2JjN2M0YzAiOnsiY3JlYXRlIjoyNDAwMDAwMDAwMDAsInJlYWQiOjI0MDAwMDAwMDAwMCwidXBkYXRlIjoyNDAwMDAwMDAwMDB9fQ=="
        }
      ]
    },
    {
      "mode": "managed",
      "type": "google_storage_bucket_object",
      "name": "source_object_zip",
      "provider": "provider[\"registry.terraform.io/hashicorp/google\"]",
      "instances": [
        {
          "schema_version": 0,
          "attributes": {
            "bucket": "test-function_functions_src",
            "cache_control": "",
            "content": null,
            "content_disposition": "",
            "content_encoding": "",
            "content_language": "",
            "content_type": "application/zip",
            "crc32c": "AWDTrQ==",
            "customer_encryption": [],
            "detect_md5hash": "QWrS0qqcSqzh64N/rlfnzg==",
            "event_based_hold": false,
            "id": "test-function_functions_src-dev/test-function_416ad2d2aa9c4aace1eb837fae57e7ce.zip",
            "kms_key_name": "",
            "md5hash": "QWrS0qqcSqzh64N/rlfnzg==",
            "media_link": "https://storage.googleapis.com/download/storage/v1/b/test-function_functions_src/o/dev%2Ftest-function_416ad2d2aa9c4aace1eb837fae57e7ce.zip?generation=1676558298010022\u0026alt=media",
            "metadata": {},
            "name": "dev/test-function_416ad2d2aa9c4aace1eb837fae57e7ce.zip",
            "output_name": "dev/test-function_416ad2d2aa9c4aace1eb837fae57e7ce.zip",
            "self_link": "https://www.googleapis.com/storage/v1/b/test-function_functions_src/o/dev%2Ftest-function_416ad2d2aa9c4aace1eb837fae57e7ce.zip",
            "source": "../../applications/test-function.zip",
            "storage_class": "STANDARD",
            "temporary_hold": false,
            "timeouts": null
          },
          "sensitive_attributes": [],
          "private": "eyJlMmJmYjczMC1lY2FhLTExZTYtOGY4OC0zNDM2M2JjN2M0YzAiOnsiY3JlYXRlIjoyNDAwMDAwMDAwMDAsImRlbGV0ZSI6MjQwMDAwMDAwMDAwLCJ1cGRhdGUiOjI0MDAwMDAwMDAwMH19",
          "dependencies": [
            "data.archive_file.source_file_zip",
            "google_storage_bucket.src_cloud_functions"
          ]
        }
      ]
    }
  ],
  "check_results": null
}
